
Microsoft Visual Studio Solution File, Format Version 12.00
# Visual Studio Version 16
VisualStudioVersion = 16.0.32929.386
MinimumVisualStudioVersion = 10.0.40219.1
Project("{FAE04EC0-301F-11D3-BF4B-00C04F79EFBC}") = "InterviewPrepWebApp", "InterviewPrepWebApp\InterviewPrepWebApp.csproj", "{D2E33D6A-8CAD-4CA4-8F14-BB21C7B30255}"
EndProject
Global
	GlobalSection(SolutionConfigurationPlatforms) = preSolution
		Debug|Any CPU = Debug|Any CPU
		Release|Any CPU = Release|Any CPU
	EndGlobalSection
	GlobalSection(ProjectConfigurationPlatforms) = postSolution
		{D2E33D6A-8CAD-4CA4-8F14-BB21C7B30255}.Debug|Any CPU.ActiveCfg = Debug|Any CPU
		{D2E33D6A-8CAD-4CA4-8F14-BB21C7B30255}.Debug|Any CPU.Build.0 = Debug|Any CPU
		{D2E33D6A-8CAD-4CA4-8F14-BB21C7B30255}.Release|Any CPU.ActiveCfg = Release|Any CPU
		{D2E33D6A-8CAD-4CA4-8F14-BB21C7B30255}.Release|Any CPU.Build.0 = Release|Any CPU
	EndGlobalSection
	GlobalSection(SolutionProperties) = preSolution
		HideSolutionNode = FALSE
	EndGlobalSection
	GlobalSection(ExtensibilityGlobals) = postSolution
		SolutionGuid = {6EEEA430-8F6D-4FED-B27F-BA8B9A83A59F}
	EndGlobalSection
EndGlobal
